
Microsoft Visual Studio Solution File, Format Version 12.00
# Visual Studio 15
VisualStudioVersion = 15.0.28307.852
MinimumVisualStudioVersion = 10.0.40219.1
Project("{FAE04EC0-301F-11D3-BF4B-00C04F79EFBC}") = "App1.Android", "App1\App1.Android\App1.Android.csproj", "{DA226D04-48D6-400B-B9CB-01AF6A90EBDC}"
EndProject
Project("{FAE04EC0-301F-11D3-BF4B-00C04F79EFBC}") = "App1.iOS", "App1\App1.iOS\App1.iOS.csproj", "{87F1DB58-CE22-4502-833C-D340E7AB0C8C}"
EndProject
Project("{FAE04EC0-301F-11D3-BF4B-00C04F79EFBC}") = "App1", "App1\App1\App1.csproj", "{70AF5A95-E22C-469C-BFE6-CD307CB63891}"
EndProject
Global
	GlobalSection(SolutionConfigurationPlatforms) = preSolution
		Ad-Hoc|Any CPU = Ad-Hoc|Any CPU
		Ad-Hoc|iPhone = Ad-Hoc|iPhone
		Ad-Hoc|iPhoneSimulator = Ad-Hoc|iPhoneSimulator
		AppStore|Any CPU = AppStore|Any CPU
		AppStore|iPhone = AppStore|iPhone
		AppStore|iPhoneSimulator = AppStore|iPhoneSimulator
		Debug|Any CPU = Debug|Any CPU
		Debug|iPhone = Debug|iPhone
		Debug|iPhoneSimulator = Debug|iPhoneSimulator
		Release|Any CPU = Release|Any CPU
		Release|iPhone = Release|iPhone
		Release|iPhoneSimulator = Release|iPhoneSimulator
	EndGlobalSection
	GlobalSection(ProjectConfigurationPlatforms) = postSolution
		{DA226D04-48D6-400B-B9CB-01AF6A90EBDC}.Ad-Hoc|Any CPU.ActiveCfg = Release|Any CPU
		{DA226D04-48D6-400B-B9CB-01AF6A90EBDC}.Ad-Hoc|Any CPU.Build.0 = Release|Any CPU
		{DA226D04-48D6-400B-B9CB-01AF6A90EBDC}.Ad-Hoc|Any CPU.Deploy.0 = Release|Any CPU
		{DA226D04-48D6-400B-B9CB-01AF6A90EBDC}.Ad-Hoc|iPhone.ActiveCfg = Release|Any CPU
		{DA226D04-48D6-400B-B9CB-01AF6A90EBDC}.Ad-Hoc|iPhone.Build.0 = Release|Any CPU
		{DA226D04-48D6-400B-B9CB-01AF6A90EBDC}.Ad-Hoc|iPhone.Deploy.0 = Release|Any CPU
		{DA226D04-48D6-400B-B9CB-01AF6A90EBDC}.Ad-Hoc|iPhoneSimulator.ActiveCfg = Release|Any CPU
		{DA226D04-48D6-400B-B9CB-01AF6A90EBDC}.Ad-Hoc|iPhoneSimulator.Build.0 = Release|Any CPU
		{DA226D04-48D6-400B-B9CB-01AF6A90EBDC}.Ad-Hoc|iPhoneSimulator.Deploy.0 = Release|Any CPU
		{DA226D04-48D6-400B-B9CB-01AF6A90EBDC}.AppStore|Any CPU.ActiveCfg = Release|Any CPU
		{DA226D04-48D6-400B-B9CB-01AF6A90EBDC}.AppStore|Any CPU.Build.0 = Release|Any CPU
		{DA226D04-48D6-400B-B9CB-01AF6A90EBDC}.AppStore|Any CPU.Deploy.0 = Release|Any CPU
		{DA226D04-48D6-400B-B9CB-01AF6A90EBDC}.AppStore|iPhone.ActiveCfg = Release|Any CPU
		{DA226D04-48D6-400B-B9CB-01AF6A90EBDC}.AppStore|iPhone.Build.0 = Release|Any CPU
		{DA226D04-48D6-400B-B9CB-01AF6A90EBDC}.AppStore|iPhone.Deploy.0 = Release|Any CPU
		{DA226D04-48D6-400B-B9CB-01AF6A90EBDC}.AppStore|iPhoneSimulator.ActiveCfg = Release|Any CPU
		{DA226D04-48D6-400B-B9CB-01AF6A90EBDC}.AppStore|iPhoneSimulator.Build.0 = Release|Any CPU
		{DA226D04-48D6-400B-B9CB-01AF6A90EBDC}.AppStore|iPhoneSimulator.Deploy.0 = Release|Any CPU
		{DA226D04-48D6-400B-B9CB-01AF6A90EBDC}.Debug|Any CPU.ActiveCfg = Debug|Any CPU
		{DA226D04-48D6-400B-B9CB-01AF6A90EBDC}.Debug|Any CPU.Build.0 = Debug|Any CPU
		{DA226D04-48D6-400B-B9CB-01AF6A90EBDC}.Debug|Any CPU.Deploy.0 = Debug|Any CPU
		{DA226D04-48D6-400B-B9CB-01AF6A90EBDC}.Debug|iPhone.ActiveCfg = Debug|Any CPU
		{DA226D04-48D6-400B-B9CB-01AF6A90EBDC}.Debug|iPhone.Build.0 = Debug|Any CPU
		{DA226D04-48D6-400B-B9CB-01AF6A90EBDC}.Debug|iPhone.Deploy.0 = Debug|Any CPU
		{DA226D04-48D6-400B-B9CB-01AF6A90EBDC}.Debug|iPhoneSimulator.ActiveCfg = Debug|Any CPU
		{DA226D04-48D6-400B-B9CB-01AF6A90EBDC}.Debug|iPhoneSimulator.Build.0 = Debug|Any CPU
		{DA226D04-48D6-400B-B9CB-01AF6A90EBDC}.Debug|iPhoneSimulator.Deploy.0 = Debug|Any CPU
		{DA226D04-48D6-400B-B9CB-01AF6A90EBDC}.Release|Any CPU.ActiveCfg = Release|Any CPU
		{DA226D04-48D6-400B-B9CB-01AF6A90EBDC}.Release|Any CPU.Build.0 = Release|Any CPU
		{DA226D04-48D6-400B-B9CB-01AF6A90EBDC}.Release|Any CPU.Deploy.0 = Release|Any CPU
		{DA226D04-48D6-400B-B9CB-01AF6A90EBDC}.Release|iPhone.ActiveCfg = Release|Any CPU
		{DA226D04-48D6-400B-B9CB-01AF6A90EBDC}.Release|iPhone.Build.0 = Release|Any CPU
		{DA226D04-48D6-400B-B9CB-01AF6A90EBDC}.Release|iPhone.Deploy.0 = Release|Any CPU
		{DA226D04-48D6-400B-B9CB-01AF6A90EBDC}.Release|iPhoneSimulator.ActiveCfg = Release|Any CPU
		{DA226D04-48D6-400B-B9CB-01AF6A90EBDC}.Release|iPhoneSimulator.Build.0 = Release|Any CPU
		{DA226D04-48D6-400B-B9CB-01AF6A90EBDC}.Release|iPhoneSimulator.Deploy.0 = Release|Any CPU
		{87F1DB58-CE22-4502-833C-D340E7AB0C8C}.Ad-Hoc|Any CPU.ActiveCfg = Ad-Hoc|iPhone
		{87F1DB58-CE22-4502-833C-D340E7AB0C8C}.Ad-Hoc|Any CPU.Build.0 = Ad-Hoc|iPhone
		{87F1DB58-CE22-4502-833C-D340E7AB0C8C}.Ad-Hoc|Any CPU.Deploy.0 = Ad-Hoc|iPhone
		{87F1DB58-CE22-4502-833C-D340E7AB0C8C}.Ad-Hoc|iPhone.ActiveCfg = Ad-Hoc|iPhone
		{87F1DB58-CE22-4502-833C-D340E7AB0C8C}.Ad-Hoc|iPhone.Build.0 = Ad-Hoc|iPhone
		{87F1DB58-CE22-4502-833C-D340E7AB0C8C}.Ad-Hoc|iPhone.Deploy.0 = Ad-Hoc|iPhone
		{87F1DB58-CE22-4502-833C-D340E7AB0C8C}.Ad-Hoc|iPhoneSimulator.ActiveCfg = Ad-Hoc|iPhoneSimulator
		{87F1DB58-CE22-4502-833C-D340E7AB0C8C}.Ad-Hoc|iPhoneSimulator.Build.0 = Ad-Hoc|iPhoneSimulator
		{87F1DB58-CE22-4502-833C-D340E7AB0C8C}.Ad-Hoc|iPhoneSimulator.Deploy.0 = Ad-Hoc|iPhoneSimulator
		{87F1DB58-CE22-4502-833C-D340E7AB0C8C}.AppStore|Any CPU.ActiveCfg = AppStore|iPhone
		{87F1DB58-CE22-4502-833C-D340E7AB0C8C}.AppStore|Any CPU.Build.0 = AppStore|iPhone
		{87F1DB58-CE22-4502-833C-D340E7AB0C8C}.AppStore|Any CPU.Deploy.0 = AppStore|iPhone
		{87F1DB58-CE22-4502-833C-D340E7AB0C8C}.AppStore|iPhone.ActiveCfg = AppStore|iPhone
		{87F1DB58-CE22-4502-833C-D340E7AB0C8C}.AppStore|iPhone.Build.0 = AppStore|iPhone
		{87F1DB58-CE22-4502-833C-D340E7AB0C8C}.AppStore|iPhone.Deploy.0 = AppStore|iPhone
		{87F1DB58-CE22-4502-833C-D340E7AB0C8C}.AppStore|iPhoneSimulator.ActiveCfg = AppStore|iPhoneSimulator
		{87F1DB58-CE22-4502-833C-D340E7AB0C8C}.AppStore|iPhoneSimulator.Build.0 = AppStore|iPhoneSimulator
		{87F1DB58-CE22-4502-833C-D340E7AB0C8C}.AppStore|iPhoneSimulator.Deploy.0 = AppStore|iPhoneSimulator
		{87F1DB58-CE22-4502-833C-D340E7AB0C8C}.Debug|Any CPU.ActiveCfg = Debug|iPhoneSimulator
		{87F1DB58-CE22-4502-833C-D340E7AB0C8C}.Debug|Any CPU.Build.0 = Debug|iPhoneSimulator
		{87F1DB58-CE22-4502-833C-D340E7AB0C8C}.Debug|Any CPU.Deploy.0 = Debug|iPhoneSimulator
		{87F1DB58-CE22-4502-833C-D340E7AB0C8C}.Debug|iPhone.ActiveCfg = Debug|iPhone
		{87F1DB58-CE22-4502-833C-D340E7AB0C8C}.Debug|iPhone.Build.0 = Debug|iPhone
		{87F1DB58-CE22-4502-833C-D340E7AB0C8C}.Debug|iPhone.Deploy.0 = Debug|iPhone
		{87F1DB58-CE22-4502-833C-D340E7AB0C8C}.Debug|iPhoneSimulator.ActiveCfg = Debug|iPhoneSimulator
		{87F1DB58-CE22-4502-833C-D340E7AB0C8C}.Debug|iPhoneSimulator.Build.0 = Debug|iPhoneSimulator
		{87F1DB58-CE22-4502-833C-D340E7AB0C8C}.Debug|iPhoneSimulator.Deploy.0 = Debug|iPhoneSimulator
		{87F1DB58-CE22-4502-833C-D340E7AB0C8C}.Release|Any CPU.ActiveCfg = Release|iPhone
		{87F1DB58-CE22-4502-833C-D340E7AB0C8C}.Release|Any CPU.Build.0 = Release|iPhone
		{87F1DB58-CE22-4502-833C-D340E7AB0C8C}.Release|Any CPU.Deploy.0 = Release|iPhone
		{87F1DB58-CE22-4502-833C-D340E7AB0C8C}.Release|iPhone.ActiveCfg = Release|iPhone
		{87F1DB58-CE22-4502-833C-D340E7AB0C8C}.Release|iPhone.Build.0 = Release|iPhone
		{87F1DB58-CE22-4502-833C-D340E7AB0C8C}.Release|iPhone.Deploy.0 = Release|iPhone
		{87F1DB58-CE22-4502-833C-D340E7AB0C8C}.Release|iPhoneSimulator.ActiveCfg = Release|iPhoneSimulator
		{87F1DB58-CE22-4502-833C-D340E7AB0C8C}.Release|iPhoneSimulator.Build.0 = Release|iPhoneSimulator
		{87F1DB58-CE22-4502-833C-D340E7AB0C8C}.Release|iPhoneSimulator.Deploy.0 = Release|iPhoneSimulator
		{70AF5A95-E22C-469C-BFE6-CD307CB63891}.Ad-Hoc|Any CPU.ActiveCfg = Debug|Any CPU
		{70AF5A95-E22C-469C-BFE6-CD307CB63891}.Ad-Hoc|Any CPU.Build.0 = Debug|Any CPU
		{70AF5A95-E22C-469C-BFE6-CD307CB63891}.Ad-Hoc|Any CPU.Deploy.0 = Debug|Any CPU
		{70AF5A95-E22C-469C-BFE6-CD307CB63891}.Ad-Hoc|iPhone.ActiveCfg = Debug|Any CPU
		{70AF5A95-E22C-469C-BFE6-CD307CB63891}.Ad-Hoc|iPhone.Build.0 = Debug|Any CPU
		{70AF5A95-E22C-469C-BFE6-CD307CB63891}.Ad-Hoc|iPhone.Deploy.0 = Debug|Any CPU
		{70AF5A95-E22C-469C-BFE6-CD307CB63891}.Ad-Hoc|iPhoneSimulator.ActiveCfg = Debug|Any CPU
		{70AF5A95-E22C-469C-BFE6-CD307CB63891}.Ad-Hoc|iPhoneSimulator.Build.0 = Debug|Any CPU
		{70AF5A95-E22C-469C-BFE6-CD307CB63891}.Ad-Hoc|iPhoneSimulator.Deploy.0 = Debug|Any CPU
		{70AF5A95-E22C-469C-BFE6-CD307CB63891}.AppStore|Any CPU.ActiveCfg = Debug|Any CPU
		{70AF5A95-E22C-469C-BFE6-CD307CB63891}.AppStore|Any CPU.Build.0 = Debug|Any CPU
		{70AF5A95-E22C-469C-BFE6-CD307CB63891}.AppStore|Any CPU.Deploy.0 = Debug|Any CPU
		{70AF5A95-E22C-469C-BFE6-CD307CB63891}.AppStore|iPhone.ActiveCfg = Debug|Any CPU
		{70AF5A95-E22C-469C-BFE6-CD307CB63891}.AppStore|iPhone.Build.0 = Debug|Any CPU
		{70AF5A95-E22C-469C-BFE6-CD307CB63891}.AppStore|iPhone.Deploy.0 = Debug|Any CPU
		{70AF5A95-E22C-469C-BFE6-CD307CB63891}.AppStore|iPhoneSimulator.ActiveCfg = Debug|Any CPU
		{70AF5A95-E22C-469C-BFE6-CD307CB63891}.AppStore|iPhoneSimulator.Build.0 = Debug|Any CPU
		{70AF5A95-E22C-469C-BFE6-CD307CB63891}.AppStore|iPhoneSimulator.Deploy.0 = Debug|Any CPU
		{70AF5A95-E22C-469C-BFE6-CD307CB63891}.Debug|Any CPU.ActiveCfg = Debug|Any CPU
		{70AF5A95-E22C-469C-BFE6-CD307CB63891}.Debug|Any CPU.Build.0 = Debug|Any CPU
		{70AF5A95-E22C-469C-BFE6-CD307CB63891}.Debug|Any CPU.Deploy.0 = Debug|Any CPU
		{70AF5A95-E22C-469C-BFE6-CD307CB63891}.Debug|iPhone.ActiveCfg = Debug|Any CPU
		{70AF5A95-E22C-469C-BFE6-CD307CB63891}.Debug|iPhone.Build.0 = Debug|Any CPU
		{70AF5A95-E22C-469C-BFE6-CD307CB63891}.Debug|iPhone.Deploy.0 = Debug|Any CPU
		{70AF5A95-E22C-469C-BFE6-CD307CB63891}.Debug|iPhoneSimulator.ActiveCfg = Debug|Any CPU
		{70AF5A95-E22C-469C-BFE6-CD307CB63891}.Debug|iPhoneSimulator.Build.0 = Debug|Any CPU
		{70AF5A95-E22C-469C-BFE6-CD307CB63891}.Debug|iPhoneSimulator.Deploy.0 = Debug|Any CPU
		{70AF5A95-E22C-469C-BFE6-CD307CB63891}.Release|Any CPU.ActiveCfg = Release|Any CPU
		{70AF5A95-E22C-469C-BFE6-CD307CB63891}.Release|Any CPU.Build.0 = Release|Any CPU
		{70AF5A95-E22C-469C-BFE6-CD307CB63891}.Release|Any CPU.Deploy.0 = Release|Any CPU
		{70AF5A95-E22C-469C-BFE6-CD307CB63891}.Release|iPhone.ActiveCfg = Release|Any CPU
		{70AF5A95-E22C-469C-BFE6-CD307CB63891}.Release|iPhone.Build.0 = Release|Any CPU
		{70AF5A95-E22C-469C-BFE6-CD307CB63891}.Release|iPhone.Deploy.0 = Release|Any CPU
		{70AF5A95-E22C-469C-BFE6-CD307CB63891}.Release|iPhoneSimulator.ActiveCfg = Release|Any CPU
		{70AF5A95-E22C-469C-BFE6-CD307CB63891}.Release|iPhoneSimulator.Build.0 = Release|Any CPU
		{70AF5A95-E22C-469C-BFE6-CD307CB63891}.Release|iPhoneSimulator.Deploy.0 = Release|Any CPU
	EndGlobalSection
	GlobalSection(SolutionProperties) = preSolution
		HideSolutionNode = FALSE
	EndGlobalSection
	GlobalSection(ExtensibilityGlobals) = postSolution
		SolutionGuid = {176721FB-AF2A-47A9-A4D1-36382AFD524F}
	EndGlobalSection
EndGlobal
